
Microsoft Visual Studio Solution File, Format Version 12.00
# Visual Studio Version 17
VisualStudioVersion = 17.14.36408.4 d17.14
MinimumVisualStudioVersion = 10.0.40219.1
Project("{FAE04EC0-301F-11D3-BF4B-00C04F79EFBC}") = "QToken_Native", "QToken_Native.csproj", "{410951C1-5A68-472C-A347-D228148AD6FA}"
EndProject
Global
	GlobalSection(SolutionConfigurationPlatforms) = preSolution
		Debug|Any CPU = Debug|Any CPU
		Release|Any CPU = Release|Any CPU
	EndGlobalSection
	GlobalSection(ProjectConfigurationPlatforms) = postSolution
		{410951C1-5A68-472C-A347-D228148AD6FA}.Debug|Any CPU.ActiveCfg = Debug|Any CPU
		{410951C1-5A68-472C-A347-D228148AD6FA}.Debug|Any CPU.Build.0 = Debug|Any CPU
		{410951C1-5A68-472C-A347-D228148AD6FA}.Release|Any CPU.ActiveCfg = Release|Any CPU
		{410951C1-5A68-472C-A347-D228148AD6FA}.Release|Any CPU.Build.0 = Release|Any CPU
	EndGlobalSection
	GlobalSection(SolutionProperties) = preSolution
		HideSolutionNode = FALSE
	EndGlobalSection
	GlobalSection(ExtensibilityGlobals) = postSolution
		SolutionGuid = {4021067E-6B28-4052-8E72-A1972F066B22}
	EndGlobalSection
EndGlobal
